
Microsoft Visual Studio Solution File, Format Version 12.00
# Visual Studio 2013
VisualStudioVersion = 12.0.31101.0
MinimumVisualStudioVersion = 10.0.40219.1
Project("{FAE04EC0-301F-11D3-BF4B-00C04F79EFBC}") = "Demo1", "Demo1\Demo1.csproj", "{AC6E8D1D-BE74-442F-81E6-35E798190F96}"
EndProject
Project("{FAE04EC0-301F-11D3-BF4B-00C04F79EFBC}") = "ClientLibrary", "ClientLibrary\ClientLibrary.csproj", "{25D58BA5-660F-407B-803C-22B4547C09DC}"
EndProject
Project("{FAE04EC0-301F-11D3-BF4B-00C04F79EFBC}") = "FaceRecognitionEMGU", "FaceRecognitionEMGU\FaceRecognitionEMGU.csproj", "{596E65E6-BBEF-4B4A-A6CB-0711AC703C99}"
EndProject
Project("{FAE04EC0-301F-11D3-BF4B-00C04F79EFBC}") = "ImageHelper", "ImageHelper\ImageHelper.csproj", "{53920C21-90C1-4CC0-9730-00E618AB3F1D}"
EndProject
Global
	GlobalSection(SolutionConfigurationPlatforms) = preSolution
		Debug|Any CPU = Debug|Any CPU
		Debug|x64 = Debug|x64
		Debug|x86 = Debug|x86
		Release|Any CPU = Release|Any CPU
		Release|x64 = Release|x64
		Release|x86 = Release|x86
	EndGlobalSection
	GlobalSection(ProjectConfigurationPlatforms) = postSolution
		{AC6E8D1D-BE74-442F-81E6-35E798190F96}.Debug|Any CPU.ActiveCfg = Debug|Any CPU
		{AC6E8D1D-BE74-442F-81E6-35E798190F96}.Debug|Any CPU.Build.0 = Debug|Any CPU
		{AC6E8D1D-BE74-442F-81E6-35E798190F96}.Debug|x64.ActiveCfg = Debug|Any CPU
		{AC6E8D1D-BE74-442F-81E6-35E798190F96}.Debug|x86.ActiveCfg = Debug|Any CPU
		{AC6E8D1D-BE74-442F-81E6-35E798190F96}.Release|Any CPU.ActiveCfg = Release|Any CPU
		{AC6E8D1D-BE74-442F-81E6-35E798190F96}.Release|Any CPU.Build.0 = Release|Any CPU
		{AC6E8D1D-BE74-442F-81E6-35E798190F96}.Release|x64.ActiveCfg = Release|Any CPU
		{AC6E8D1D-BE74-442F-81E6-35E798190F96}.Release|x86.ActiveCfg = Release|Any CPU
		{25D58BA5-660F-407B-803C-22B4547C09DC}.Debug|Any CPU.ActiveCfg = Debug|Any CPU
		{25D58BA5-660F-407B-803C-22B4547C09DC}.Debug|Any CPU.Build.0 = Debug|Any CPU
		{25D58BA5-660F-407B-803C-22B4547C09DC}.Debug|x64.ActiveCfg = Debug|Any CPU
		{25D58BA5-660F-407B-803C-22B4547C09DC}.Debug|x86.ActiveCfg = Debug|Any CPU
		{25D58BA5-660F-407B-803C-22B4547C09DC}.Release|Any CPU.ActiveCfg = Release|Any CPU
		{25D58BA5-660F-407B-803C-22B4547C09DC}.Release|Any CPU.Build.0 = Release|Any CPU
		{25D58BA5-660F-407B-803C-22B4547C09DC}.Release|x64.ActiveCfg = Release|Any CPU
		{25D58BA5-660F-407B-803C-22B4547C09DC}.Release|x86.ActiveCfg = Release|Any CPU
		{596E65E6-BBEF-4B4A-A6CB-0711AC703C99}.Debug|Any CPU.ActiveCfg = Debug|Any CPU
		{596E65E6-BBEF-4B4A-A6CB-0711AC703C99}.Debug|Any CPU.Build.0 = Debug|Any CPU
		{596E65E6-BBEF-4B4A-A6CB-0711AC703C99}.Debug|x64.ActiveCfg = Debug|Any CPU
		{596E65E6-BBEF-4B4A-A6CB-0711AC703C99}.Debug|x86.ActiveCfg = Debug|Any CPU
		{596E65E6-BBEF-4B4A-A6CB-0711AC703C99}.Release|Any CPU.ActiveCfg = Release|Any CPU
		{596E65E6-BBEF-4B4A-A6CB-0711AC703C99}.Release|Any CPU.Build.0 = Release|Any CPU
		{596E65E6-BBEF-4B4A-A6CB-0711AC703C99}.Release|x64.ActiveCfg = Release|Any CPU
		{596E65E6-BBEF-4B4A-A6CB-0711AC703C99}.Release|x86.ActiveCfg = Release|Any CPU
		{53920C21-90C1-4CC0-9730-00E618AB3F1D}.Debug|Any CPU.ActiveCfg = Debug|Any CPU
		{53920C21-90C1-4CC0-9730-00E618AB3F1D}.Debug|Any CPU.Build.0 = Debug|Any CPU
		{53920C21-90C1-4CC0-9730-00E618AB3F1D}.Debug|x64.ActiveCfg = Debug|Any CPU
		{53920C21-90C1-4CC0-9730-00E618AB3F1D}.Debug|x86.ActiveCfg = Debug|Any CPU
		{53920C21-90C1-4CC0-9730-00E618AB3F1D}.Release|Any CPU.ActiveCfg = Release|Any CPU
		{53920C21-90C1-4CC0-9730-00E618AB3F1D}.Release|Any CPU.Build.0 = Release|Any CPU
		{53920C21-90C1-4CC0-9730-00E618AB3F1D}.Release|x64.ActiveCfg = Release|Any CPU
		{53920C21-90C1-4CC0-9730-00E618AB3F1D}.Release|x86.ActiveCfg = Release|Any CPU
	EndGlobalSection
	GlobalSection(SolutionProperties) = preSolution
		HideSolutionNode = FALSE
	EndGlobalSection
EndGlobal
